
Microsoft Visual Studio Solution File, Format Version 12.00
# Visual Studio Version 17
VisualStudioVersion = 17.2.32616.157
MinimumVisualStudioVersion = 10.0.40219.1
Project("{8BC9CEB8-8B4A-11D0-8D11-00A0C91BC942}") = "XenogearsPack", "XenogearsPack\XenogearsPack.vcxproj", "{00E82FB4-4D71-4822-9D26-FE26BA9A017D}"
EndProject
Global
	GlobalSection(SolutionConfigurationPlatforms) = preSolution
		Debug|x64 = Debug|x64
		Release|x64 = Release|x64
	EndGlobalSection
	GlobalSection(ProjectConfigurationPlatforms) = postSolution
		{00E82FB4-4D71-4822-9D26-FE26BA9A017D}.Debug|x64.ActiveCfg = Debug|x64
		{00E82FB4-4D71-4822-9D26-FE26BA9A017D}.Debug|x64.Build.0 = Debug|x64
		{00E82FB4-4D71-4822-9D26-FE26BA9A017D}.Release|x64.ActiveCfg = Release|x64
		{00E82FB4-4D71-4822-9D26-FE26BA9A017D}.Release|x64.Build.0 = Release|x64
	EndGlobalSection
	GlobalSection(SolutionProperties) = preSolution
		HideSolutionNode = FALSE
	EndGlobalSection
	GlobalSection(ExtensibilityGlobals) = postSolution
		SolutionGuid = {FC85D8BE-478D-4343-8D0E-D9A6DC0E143B}
	EndGlobalSection
EndGlobal
